PODS:
  - Flutter (1.0.0)
  - flutter_js (0.1.0):
    - Flutter
  - flutter_secure_storage (6.0.0):
    - Flutter
  - home_widget (0.0.1):
    - Flutter

DEPENDENCIES:
  - Flutter (from `Flutter`)
  - flutter_js (from `.symlinks/plugins/flutter_js/ios`)
  - flutter_secure_storage (from `.symlinks/plugins/flutter_secure_storage/ios`)
  - home_widget (from `.symlinks/plugins/home_widget/ios`)

EXTERNAL SOURCES:
  Flutter:
    :path: Flutter
  flutter_js:
    :path: ".symlinks/plugins/flutter_js/ios"
  flutter_secure_storage:
    :path: ".symlinks/plugins/flutter_secure_storage/ios"
  home_widget:
    :path: ".symlinks/plugins/home_widget/ios"

SPEC CHECKSUMS:
  Flutter: cabc95a1d2626b1b06e7179b784ebcf0c0cde467
  flutter_js: 867813c1830e1d9b2c5d547cdb6f61801e2f2145
  flutter_secure_storage: 1ed9476fba7e7a782b22888f956cce43e2c62f13
  home_widget: f169fc41fd807b4d46ab6615dc44d62adbf9f64f

PODFILE CHECKSUM: 9f8a72cdcee1679cfe83dcd39cdc0dc42eb4767f

COCOAPODS: 1.16.2
